
Microsoft Visual Studio Solution File, Format Version 12.00
Project("{2150E333-8FDC-42A3-9474-1A3956D46DE8}") = "RandUsingAnotherRand", "RandUsingAnotherRand", "{3F71F508-D084-400D-83FF-1B9524D59731}"
	ProjectSection(SolutionItems) = preProject
		RandUsingAnotherRand\README.md = RandUsingAnotherRand\README.md
	EndProjectSection
EndProject
Project("{FAE04EC0-301F-11D3-BF4B-00C04F79EFBC}") = "RandUsingAnotherRand", "RandUsingAnotherRand\RandUsingAnotherRand.csproj", "{0DF883B3-41B9-4D8E-A84F-8172D66A4AF0}"
EndProject
Project("{FAE04EC0-301F-11D3-BF4B-00C04F79EFBC}") = "RandUsingAnotherRand.Tests", "RandUsingAnotherRand.Tests\RandUsingAnotherRand.Tests.csproj", "{A820212A-9B5B-4527-A768-B4D465B82A58}"
EndProject
Project("{2150E333-8FDC-42A3-9474-1A3956D46DE8}") = "RunLengthEncoding", "RunLengthEncoding", "{93EEE7AA-C43C-4AEE-B821-AEA12752BE7B}"
EndProject
Project("{FAE04EC0-301F-11D3-BF4B-00C04F79EFBC}") = "RunLengthEncoding", "RunLengthEncoding\RunLengthEncoding.csproj", "{E6C5F0DE-9896-41FE-B4B2-266FB0F04C04}"
EndProject
Project("{FAE04EC0-301F-11D3-BF4B-00C04F79EFBC}") = "RunLengthEncoding.Tests", "RunLengthEncoding.Tests\RunLengthEncoding.Tests.csproj", "{40520C7E-D135-4D0A-A047-DFF1483ED608}"
EndProject
Global
	GlobalSection(SolutionConfigurationPlatforms) = preSolution
		Debug|Any CPU = Debug|Any CPU
		Debug|x64 = Debug|x64
		Debug|x86 = Debug|x86
		Release|Any CPU = Release|Any CPU
		Release|x64 = Release|x64
		Release|x86 = Release|x86
	EndGlobalSection
	GlobalSection(ProjectConfigurationPlatforms) = postSolution
		{0DF883B3-41B9-4D8E-A84F-8172D66A4AF0}.Debug|Any CPU.ActiveCfg = Debug|Any CPU
		{0DF883B3-41B9-4D8E-A84F-8172D66A4AF0}.Debug|Any CPU.Build.0 = Debug|Any CPU
		{0DF883B3-41B9-4D8E-A84F-8172D66A4AF0}.Debug|x64.ActiveCfg = Debug|Any CPU
		{0DF883B3-41B9-4D8E-A84F-8172D66A4AF0}.Debug|x64.Build.0 = Debug|Any CPU
		{0DF883B3-41B9-4D8E-A84F-8172D66A4AF0}.Debug|x86.ActiveCfg = Debug|Any CPU
		{0DF883B3-41B9-4D8E-A84F-8172D66A4AF0}.Debug|x86.Build.0 = Debug|Any CPU
		{0DF883B3-41B9-4D8E-A84F-8172D66A4AF0}.Release|Any CPU.ActiveCfg = Release|Any CPU
		{0DF883B3-41B9-4D8E-A84F-8172D66A4AF0}.Release|Any CPU.Build.0 = Release|Any CPU
		{0DF883B3-41B9-4D8E-A84F-8172D66A4AF0}.Release|x64.ActiveCfg = Release|Any CPU
		{0DF883B3-41B9-4D8E-A84F-8172D66A4AF0}.Release|x64.Build.0 = Release|Any CPU
		{0DF883B3-41B9-4D8E-A84F-8172D66A4AF0}.Release|x86.ActiveCfg = Release|Any CPU
		{0DF883B3-41B9-4D8E-A84F-8172D66A4AF0}.Release|x86.Build.0 = Release|Any CPU
		{A820212A-9B5B-4527-A768-B4D465B82A58}.Debug|Any CPU.ActiveCfg = Debug|Any CPU
		{A820212A-9B5B-4527-A768-B4D465B82A58}.Debug|Any CPU.Build.0 = Debug|Any CPU
		{A820212A-9B5B-4527-A768-B4D465B82A58}.Debug|x64.ActiveCfg = Debug|Any CPU
		{A820212A-9B5B-4527-A768-B4D465B82A58}.Debug|x64.Build.0 = Debug|Any CPU
		{A820212A-9B5B-4527-A768-B4D465B82A58}.Debug|x86.ActiveCfg = Debug|Any CPU
		{A820212A-9B5B-4527-A768-B4D465B82A58}.Debug|x86.Build.0 = Debug|Any CPU
		{A820212A-9B5B-4527-A768-B4D465B82A58}.Release|Any CPU.ActiveCfg = Release|Any CPU
		{A820212A-9B5B-4527-A768-B4D465B82A58}.Release|Any CPU.Build.0 = Release|Any CPU
		{A820212A-9B5B-4527-A768-B4D465B82A58}.Release|x64.ActiveCfg = Release|Any CPU
		{A820212A-9B5B-4527-A768-B4D465B82A58}.Release|x64.Build.0 = Release|Any CPU
		{A820212A-9B5B-4527-A768-B4D465B82A58}.Release|x86.ActiveCfg = Release|Any CPU
		{A820212A-9B5B-4527-A768-B4D465B82A58}.Release|x86.Build.0 = Release|Any CPU
		{E6C5F0DE-9896-41FE-B4B2-266FB0F04C04}.Debug|Any CPU.ActiveCfg = Debug|Any CPU
		{E6C5F0DE-9896-41FE-B4B2-266FB0F04C04}.Debug|Any CPU.Build.0 = Debug|Any CPU
		{E6C5F0DE-9896-41FE-B4B2-266FB0F04C04}.Debug|x64.ActiveCfg = Debug|Any CPU
		{E6C5F0DE-9896-41FE-B4B2-266FB0F04C04}.Debug|x64.Build.0 = Debug|Any CPU
		{E6C5F0DE-9896-41FE-B4B2-266FB0F04C04}.Debug|x86.ActiveCfg = Debug|Any CPU
		{E6C5F0DE-9896-41FE-B4B2-266FB0F04C04}.Debug|x86.Build.0 = Debug|Any CPU
		{E6C5F0DE-9896-41FE-B4B2-266FB0F04C04}.Release|Any CPU.ActiveCfg = Release|Any CPU
		{E6C5F0DE-9896-41FE-B4B2-266FB0F04C04}.Release|Any CPU.Build.0 = Release|Any CPU
		{E6C5F0DE-9896-41FE-B4B2-266FB0F04C04}.Release|x64.ActiveCfg = Release|Any CPU
		{E6C5F0DE-9896-41FE-B4B2-266FB0F04C04}.Release|x64.Build.0 = Release|Any CPU
		{E6C5F0DE-9896-41FE-B4B2-266FB0F04C04}.Release|x86.ActiveCfg = Release|Any CPU
		{E6C5F0DE-9896-41FE-B4B2-266FB0F04C04}.Release|x86.Build.0 = Release|Any CPU
		{40520C7E-D135-4D0A-A047-DFF1483ED608}.Debug|Any CPU.ActiveCfg = Debug|Any CPU
		{40520C7E-D135-4D0A-A047-DFF1483ED608}.Debug|Any CPU.Build.0 = Debug|Any CPU
		{40520C7E-D135-4D0A-A047-DFF1483ED608}.Debug|x64.ActiveCfg = Debug|Any CPU
		{40520C7E-D135-4D0A-A047-DFF1483ED608}.Debug|x64.Build.0 = Debug|Any CPU
		{40520C7E-D135-4D0A-A047-DFF1483ED608}.Debug|x86.ActiveCfg = Debug|Any CPU
		{40520C7E-D135-4D0A-A047-DFF1483ED608}.Debug|x86.Build.0 = Debug|Any CPU
		{40520C7E-D135-4D0A-A047-DFF1483ED608}.Release|Any CPU.ActiveCfg = Release|Any CPU
		{40520C7E-D135-4D0A-A047-DFF1483ED608}.Release|Any CPU.Build.0 = Release|Any CPU
		{40520C7E-D135-4D0A-A047-DFF1483ED608}.Release|x64.ActiveCfg = Release|Any CPU
		{40520C7E-D135-4D0A-A047-DFF1483ED608}.Release|x64.Build.0 = Release|Any CPU
		{40520C7E-D135-4D0A-A047-DFF1483ED608}.Release|x86.ActiveCfg = Release|Any CPU
		{40520C7E-D135-4D0A-A047-DFF1483ED608}.Release|x86.Build.0 = Release|Any CPU
	EndGlobalSection
	GlobalSection(SolutionProperties) = preSolution
		HideSolutionNode = FALSE
	EndGlobalSection
	GlobalSection(NestedProjects) = preSolution
		{0DF883B3-41B9-4D8E-A84F-8172D66A4AF0} = {3F71F508-D084-400D-83FF-1B9524D59731}
		{A820212A-9B5B-4527-A768-B4D465B82A58} = {3F71F508-D084-400D-83FF-1B9524D59731}
		{E6C5F0DE-9896-41FE-B4B2-266FB0F04C04} = {93EEE7AA-C43C-4AEE-B821-AEA12752BE7B}
		{40520C7E-D135-4D0A-A047-DFF1483ED608} = {93EEE7AA-C43C-4AEE-B821-AEA12752BE7B}
	EndGlobalSection
EndGlobal
